
Microsoft Visual Studio Solution File, Format Version 12.00
# Visual Studio 14
VisualStudioVersion = 14.0.25123.0
MinimumVisualStudioVersion = 10.0.40219.1
Project("{FAE04EC0-301F-11D3-BF4B-00C04F79EFBC}") = "StopWatch", "StopWatch\StopWatch\StopWatch.csproj", "{B0B3508F-791C-4F6B-B7BA-C4C5815B8417}"
EndProject
Project("{FAE04EC0-301F-11D3-BF4B-00C04F79EFBC}") = "StopWatch.iOS", "StopWatch\StopWatch.iOS\StopWatch.iOS.csproj", "{4CAF05F1-023E-4A14-BAC9-E9DFC01336EB}"
EndProject
Project("{FAE04EC0-301F-11D3-BF4B-00C04F79EFBC}") = "StopWatch.Droid", "StopWatch\StopWatch.Droid\StopWatch.Droid.csproj", "{664C76BA-1037-47B8-A982-696BED62F990}"
EndProject
Project("{FAE04EC0-301F-11D3-BF4B-00C04F79EFBC}") = "StopWatch.WinPhone", "StopWatch\StopWatch.WinPhone\StopWatch.WinPhone.csproj", "{A63A8C18-9F20-4775-A029-FBC188B560D4}"
EndProject
Project("{FAE04EC0-301F-11D3-BF4B-00C04F79EFBC}") = "SwLib.Pcl", "SwLib.Interface\SwLib.Pcl.csproj", "{4973C59C-6260-4653-AE13-1C3A2E959A08}"
EndProject
Project("{FAE04EC0-301F-11D3-BF4B-00C04F79EFBC}") = "SwLib.Core", "SwLib.Core\SwLib.Core.csproj", "{DD81F3B7-C2BD-44BD-9BDD-051C7DFC6EDA}"
EndProject
Project("{FAE04EC0-301F-11D3-BF4B-00C04F79EFBC}") = "SwLib.CoreTests", "SwLib.CoreTests\SwLib.CoreTests.csproj", "{0330E810-7AC1-456F-9981-121491B48BFB}"
EndProject
Project("{FAE04EC0-301F-11D3-BF4B-00C04F79EFBC}") = "SwLib.Core.Droid", "SwLib.Core.Droid\SwLib.Core.Droid.csproj", "{D49AA93B-9C73-4BCA-AA4A-924338CE1FDC}"
EndProject
Project("{FAE04EC0-301F-11D3-BF4B-00C04F79EFBC}") = "SwLib.Core.Touch", "SwLib.Core.Touch\SwLib.Core.Touch.csproj", "{2D98B769-AC99-4A3A-A390-1CBBA9BDB17E}"
EndProject
Project("{FAE04EC0-301F-11D3-BF4B-00C04F79EFBC}") = "KeyValueStore.Pcl", "KeyValueStore.Pcl\KeyValueStore.Pcl.csproj", "{622848F2-4E4C-4B1E-B63B-47317AF413B4}"
EndProject
Project("{FAE04EC0-301F-11D3-BF4B-00C04F79EFBC}") = "KeyValueStore.Core", "KeyValueStore.Core\KeyValueStore.Core.csproj", "{D03BA242-C6E6-4136-8ED4-C0A446C495F7}"
EndProject
Project("{FAE04EC0-301F-11D3-BF4B-00C04F79EFBC}") = "KeyValueStore.Core.Droid", "KeyValueStore.Core.Droid\KeyValueStore.Core.Droid.csproj", "{7234E3DA-4DDC-4AD0-B236-9B54D19A82D7}"
EndProject
Project("{FAE04EC0-301F-11D3-BF4B-00C04F79EFBC}") = "KeyValueStore.Core.Touch", "KeyValueStore.Core.Touch\KeyValueStore.Core.Touch.csproj", "{59254B85-A652-4706-B21A-EAD8E6CA9E76}"
EndProject
Global
	GlobalSection(SolutionConfigurationPlatforms) = preSolution
		Ad-Hoc|Any CPU = Ad-Hoc|Any CPU
		Ad-Hoc|ARM = Ad-Hoc|ARM
		Ad-Hoc|iPhone = Ad-Hoc|iPhone
		Ad-Hoc|iPhoneSimulator = Ad-Hoc|iPhoneSimulator
		Ad-Hoc|x86 = Ad-Hoc|x86
		AppStore|Any CPU = AppStore|Any CPU
		AppStore|ARM = AppStore|ARM
		AppStore|iPhone = AppStore|iPhone
		AppStore|iPhoneSimulator = AppStore|iPhoneSimulator
		AppStore|x86 = AppStore|x86
		Debug|Any CPU = Debug|Any CPU
		Debug|ARM = Debug|ARM
		Debug|iPhone = Debug|iPhone
		Debug|iPhoneSimulator = Debug|iPhoneSimulator
		Debug|x86 = Debug|x86
		Release|Any CPU = Release|Any CPU
		Release|ARM = Release|ARM
		Release|iPhone = Release|iPhone
		Release|iPhoneSimulator = Release|iPhoneSimulator
		Release|x86 = Release|x86
	EndGlobalSection
	GlobalSection(ProjectConfigurationPlatforms) = postSolution
		{B0B3508F-791C-4F6B-B7BA-C4C5815B8417}.Ad-Hoc|Any CPU.ActiveCfg = Release|Any CPU
		{B0B3508F-791C-4F6B-B7BA-C4C5815B8417}.Ad-Hoc|Any CPU.Build.0 = Release|Any CPU
		{B0B3508F-791C-4F6B-B7BA-C4C5815B8417}.Ad-Hoc|ARM.ActiveCfg = Release|Any CPU
		{B0B3508F-791C-4F6B-B7BA-C4C5815B8417}.Ad-Hoc|ARM.Build.0 = Release|Any CPU
		{B0B3508F-791C-4F6B-B7BA-C4C5815B8417}.Ad-Hoc|iPhone.ActiveCfg = Release|Any CPU
		{B0B3508F-791C-4F6B-B7BA-C4C5815B8417}.Ad-Hoc|iPhone.Build.0 = Release|Any CPU
		{B0B3508F-791C-4F6B-B7BA-C4C5815B8417}.Ad-Hoc|iPhoneSimulator.ActiveCfg = Release|Any CPU
		{B0B3508F-791C-4F6B-B7BA-C4C5815B8417}.Ad-Hoc|iPhoneSimulator.Build.0 = Release|Any CPU
		{B0B3508F-791C-4F6B-B7BA-C4C5815B8417}.Ad-Hoc|x86.ActiveCfg = Release|Any CPU
		{B0B3508F-791C-4F6B-B7BA-C4C5815B8417}.Ad-Hoc|x86.Build.0 = Release|Any CPU
		{B0B3508F-791C-4F6B-B7BA-C4C5815B8417}.AppStore|Any CPU.ActiveCfg = Release|Any CPU
		{B0B3508F-791C-4F6B-B7BA-C4C5815B8417}.AppStore|Any CPU.Build.0 = Release|Any CPU
		{B0B3508F-791C-4F6B-B7BA-C4C5815B8417}.AppStore|ARM.ActiveCfg = Release|Any CPU
		{B0B3508F-791C-4F6B-B7BA-C4C5815B8417}.AppStore|ARM.Build.0 = Release|Any CPU
		{B0B3508F-791C-4F6B-B7BA-C4C5815B8417}.AppStore|iPhone.ActiveCfg = Release|Any CPU
		{B0B3508F-791C-4F6B-B7BA-C4C5815B8417}.AppStore|iPhone.Build.0 = Release|Any CPU
		{B0B3508F-791C-4F6B-B7BA-C4C5815B8417}.AppStore|iPhoneSimulator.ActiveCfg = Release|Any CPU
		{B0B3508F-791C-4F6B-B7BA-C4C5815B8417}.AppStore|iPhoneSimulator.Build.0 = Release|Any CPU
		{B0B3508F-791C-4F6B-B7BA-C4C5815B8417}.AppStore|x86.ActiveCfg = Release|Any CPU
		{B0B3508F-791C-4F6B-B7BA-C4C5815B8417}.AppStore|x86.Build.0 = Release|Any CPU
		{B0B3508F-791C-4F6B-B7BA-C4C5815B8417}.Debug|Any CPU.ActiveCfg = Debug|Any CPU
		{B0B3508F-791C-4F6B-B7BA-C4C5815B8417}.Debug|Any CPU.Build.0 = Debug|Any CPU
		{B0B3508F-791C-4F6B-B7BA-C4C5815B8417}.Debug|ARM.ActiveCfg = Debug|Any CPU
		{B0B3508F-791C-4F6B-B7BA-C4C5815B8417}.Debug|ARM.Build.0 = Debug|Any CPU
		{B0B3508F-791C-4F6B-B7BA-C4C5815B8417}.Debug|iPhone.ActiveCfg = Debug|Any CPU
		{B0B3508F-791C-4F6B-B7BA-C4C5815B8417}.Debug|iPhone.Build.0 = Debug|Any CPU
		{B0B3508F-791C-4F6B-B7BA-C4C5815B8417}.Debug|iPhoneSimulator.ActiveCfg = Debug|Any CPU
		{B0B3508F-791C-4F6B-B7BA-C4C5815B8417}.Debug|iPhoneSimulator.Build.0 = Debug|Any CPU
		{B0B3508F-791C-4F6B-B7BA-C4C5815B8417}.Debug|x86.ActiveCfg = Debug|Any CPU
		{B0B3508F-791C-4F6B-B7BA-C4C5815B8417}.Debug|x86.Build.0 = Debug|Any CPU
		{B0B3508F-791C-4F6B-B7BA-C4C5815B8417}.Release|Any CPU.ActiveCfg = Release|Any CPU
		{B0B3508F-791C-4F6B-B7BA-C4C5815B8417}.Release|Any CPU.Build.0 = Release|Any CPU
		{B0B3508F-791C-4F6B-B7BA-C4C5815B8417}.Release|ARM.ActiveCfg = Release|Any CPU
		{B0B3508F-791C-4F6B-B7BA-C4C5815B8417}.Release|ARM.Build.0 = Release|Any CPU
		{B0B3508F-791C-4F6B-B7BA-C4C5815B8417}.Release|iPhone.ActiveCfg = Release|Any CPU
		{B0B3508F-791C-4F6B-B7BA-C4C5815B8417}.Release|iPhone.Build.0 = Release|Any CPU
		{B0B3508F-791C-4F6B-B7BA-C4C5815B8417}.Release|iPhoneSimulator.ActiveCfg = Release|Any CPU
		{B0B3508F-791C-4F6B-B7BA-C4C5815B8417}.Release|iPhoneSimulator.Build.0 = Release|Any CPU
		{B0B3508F-791C-4F6B-B7BA-C4C5815B8417}.Release|x86.ActiveCfg = Release|Any CPU
		{B0B3508F-791C-4F6B-B7BA-C4C5815B8417}.Release|x86.Build.0 = Release|Any CPU
		{4CAF05F1-023E-4A14-BAC9-E9DFC01336EB}.Ad-Hoc|Any CPU.ActiveCfg = Ad-Hoc|iPhone
		{4CAF05F1-023E-4A14-BAC9-E9DFC01336EB}.Ad-Hoc|ARM.ActiveCfg = Ad-Hoc|iPhone
		{4CAF05F1-023E-4A14-BAC9-E9DFC01336EB}.Ad-Hoc|iPhone.ActiveCfg = Ad-Hoc|iPhone
		{4CAF05F1-023E-4A14-BAC9-E9DFC01336EB}.Ad-Hoc|iPhone.Build.0 = Ad-Hoc|iPhone
		{4CAF05F1-023E-4A14-BAC9-E9DFC01336EB}.Ad-Hoc|iPhoneSimulator.ActiveCfg = Ad-Hoc|iPhoneSimulator
		{4CAF05F1-023E-4A14-BAC9-E9DFC01336EB}.Ad-Hoc|iPhoneSimulator.Build.0 = Ad-Hoc|iPhoneSimulator
		{4CAF05F1-023E-4A14-BAC9-E9DFC01336EB}.Ad-Hoc|x86.ActiveCfg = Ad-Hoc|iPhone
		{4CAF05F1-023E-4A14-BAC9-E9DFC01336EB}.AppStore|Any CPU.ActiveCfg = AppStore|iPhone
		{4CAF05F1-023E-4A14-BAC9-E9DFC01336EB}.AppStore|ARM.ActiveCfg = AppStore|iPhone
		{4CAF05F1-023E-4A14-BAC9-E9DFC01336EB}.AppStore|iPhone.ActiveCfg = AppStore|iPhone
		{4CAF05F1-023E-4A14-BAC9-E9DFC01336EB}.AppStore|iPhone.Build.0 = AppStore|iPhone
		{4CAF05F1-023E-4A14-BAC9-E9DFC01336EB}.AppStore|iPhoneSimulator.ActiveCfg = AppStore|iPhoneSimulator
		{4CAF05F1-023E-4A14-BAC9-E9DFC01336EB}.AppStore|iPhoneSimulator.Build.0 = AppStore|iPhoneSimulator
		{4CAF05F1-023E-4A14-BAC9-E9DFC01336EB}.AppStore|x86.ActiveCfg = AppStore|iPhone
		{4CAF05F1-023E-4A14-BAC9-E9DFC01336EB}.Debug|Any CPU.ActiveCfg = Debug|iPhone
		{4CAF05F1-023E-4A14-BAC9-E9DFC01336EB}.Debug|ARM.ActiveCfg = Debug|iPhone
		{4CAF05F1-023E-4A14-BAC9-E9DFC01336EB}.Debug|iPhone.ActiveCfg = Debug|iPhone
		{4CAF05F1-023E-4A14-BAC9-E9DFC01336EB}.Debug|iPhone.Build.0 = Debug|iPhone
		{4CAF05F1-023E-4A14-BAC9-E9DFC01336EB}.Debug|iPhoneSimulator.ActiveCfg = Debug|iPhoneSimulator
		{4CAF05F1-023E-4A14-BAC9-E9DFC01336EB}.Debug|iPhoneSimulator.Build.0 = Debug|iPhoneSimulator
		{4CAF05F1-023E-4A14-BAC9-E9DFC01336EB}.Debug|x86.ActiveCfg = Debug|iPhone
		{4CAF05F1-023E-4A14-BAC9-E9DFC01336EB}.Release|Any CPU.ActiveCfg = Release|iPhone
		{4CAF05F1-023E-4A14-BAC9-E9DFC01336EB}.Release|ARM.ActiveCfg = Release|iPhone
		{4CAF05F1-023E-4A14-BAC9-E9DFC01336EB}.Release|iPhone.ActiveCfg = Release|iPhone
		{4CAF05F1-023E-4A14-BAC9-E9DFC01336EB}.Release|iPhone.Build.0 = Release|iPhone
		{4CAF05F1-023E-4A14-BAC9-E9DFC01336EB}.Release|iPhoneSimulator.ActiveCfg = Release|iPhoneSimulator
		{4CAF05F1-023E-4A14-BAC9-E9DFC01336EB}.Release|iPhoneSimulator.Build.0 = Release|iPhoneSimulator
		{4CAF05F1-023E-4A14-BAC9-E9DFC01336EB}.Release|x86.ActiveCfg = Release|iPhone
		{664C76BA-1037-47B8-A982-696BED62F990}.Ad-Hoc|Any CPU.ActiveCfg = Release|Any CPU
		{664C76BA-1037-47B8-A982-696BED62F990}.Ad-Hoc|Any CPU.Build.0 = Release|Any CPU
		{664C76BA-1037-47B8-A982-696BED62F990}.Ad-Hoc|Any CPU.Deploy.0 = Release|Any CPU
		{664C76BA-1037-47B8-A982-696BED62F990}.Ad-Hoc|ARM.ActiveCfg = Release|Any CPU
		{664C76BA-1037-47B8-A982-696BED62F990}.Ad-Hoc|ARM.Build.0 = Release|Any CPU
		{664C76BA-1037-47B8-A982-696BED62F990}.Ad-Hoc|ARM.Deploy.0 = Release|Any CPU
		{664C76BA-1037-47B8-A982-696BED62F990}.Ad-Hoc|iPhone.ActiveCfg = Release|Any CPU
		{664C76BA-1037-47B8-A982-696BED62F990}.Ad-Hoc|iPhone.Build.0 = Release|Any CPU
		{664C76BA-1037-47B8-A982-696BED62F990}.Ad-Hoc|iPhone.Deploy.0 = Release|Any CPU
		{664C76BA-1037-47B8-A982-696BED62F990}.Ad-Hoc|iPhoneSimulator.ActiveCfg = Release|Any CPU
		{664C76BA-1037-47B8-A982-696BED62F990}.Ad-Hoc|iPhoneSimulator.Build.0 = Release|Any CPU
		{664C76BA-1037-47B8-A982-696BED62F990}.Ad-Hoc|iPhoneSimulator.Deploy.0 = Release|Any CPU
		{664C76BA-1037-47B8-A982-696BED62F990}.Ad-Hoc|x86.ActiveCfg = Release|Any CPU
		{664C76BA-1037-47B8-A982-696BED62F990}.Ad-Hoc|x86.Build.0 = Release|Any CPU
		{664C76BA-1037-47B8-A982-696BED62F990}.Ad-Hoc|x86.Deploy.0 = Release|Any CPU
		{664C76BA-1037-47B8-A982-696BED62F990}.AppStore|Any CPU.ActiveCfg = Release|Any CPU
		{664C76BA-1037-47B8-A982-696BED62F990}.AppStore|Any CPU.Build.0 = Release|Any CPU
		{664C76BA-1037-47B8-A982-696BED62F990}.AppStore|Any CPU.Deploy.0 = Release|Any CPU
		{664C76BA-1037-47B8-A982-696BED62F990}.AppStore|ARM.ActiveCfg = Release|Any CPU
		{664C76BA-1037-47B8-A982-696BED62F990}.AppStore|ARM.Build.0 = Release|Any CPU
		{664C76BA-1037-47B8-A982-696BED62F990}.AppStore|ARM.Deploy.0 = Release|Any CPU
		{664C76BA-1037-47B8-A982-696BED62F990}.AppStore|iPhone.ActiveCfg = Release|Any CPU
		{664C76BA-1037-47B8-A982-696BED62F990}.AppStore|iPhone.Build.0 = Release|Any CPU
		{664C76BA-1037-47B8-A982-696BED62F990}.AppStore|iPhone.Deploy.0 = Release|Any CPU
		{664C76BA-1037-47B8-A982-696BED62F990}.AppStore|iPhoneSimulator.ActiveCfg = Release|Any CPU
		{664C76BA-1037-47B8-A982-696BED62F990}.AppStore|iPhoneSimulator.Build.0 = Release|Any CPU
		{664C76BA-1037-47B8-A982-696BED62F990}.AppStore|iPhoneSimulator.Deploy.0 = Release|Any CPU
		{664C76BA-1037-47B8-A982-696BED62F990}.AppStore|x86.ActiveCfg = Release|Any CPU
		{664C76BA-1037-47B8-A982-696BED62F990}.AppStore|x86.Build.0 = Release|Any CPU
		{664C76BA-1037-47B8-A982-696BED62F990}.AppStore|x86.Deploy.0 = Release|Any CPU
		{664C76BA-1037-47B8-A982-696BED62F990}.Debug|Any CPU.ActiveCfg = Debug|Any CPU
		{664C76BA-1037-47B8-A982-696BED62F990}.Debug|Any CPU.Build.0 = Debug|Any CPU
		{664C76BA-1037-47B8-A982-696BED62F990}.Debug|Any CPU.Deploy.0 = Debug|Any CPU
		{664C76BA-1037-47B8-A982-696BED62F990}.Debug|ARM.ActiveCfg = Debug|Any CPU
		{664C76BA-1037-47B8-A982-696BED62F990}.Debug|ARM.Build.0 = Debug|Any CPU
		{664C76BA-1037-47B8-A982-696BED62F990}.Debug|ARM.Deploy.0 = Debug|Any CPU
		{664C76BA-1037-47B8-A982-696BED62F990}.Debug|iPhone.ActiveCfg = Debug|Any CPU
		{664C76BA-1037-47B8-A982-696BED62F990}.Debug|iPhone.Build.0 = Debug|Any CPU
		{664C76BA-1037-47B8-A982-696BED62F990}.Debug|iPhone.Deploy.0 = Debug|Any CPU
		{664C76BA-1037-47B8-A982-696BED62F990}.Debug|iPhoneSimulator.ActiveCfg = Debug|Any CPU
		{664C76BA-1037-47B8-A982-696BED62F990}.Debug|iPhoneSimulator.Build.0 = Debug|Any CPU
		{664C76BA-1037-47B8-A982-696BED62F990}.Debug|iPhoneSimulator.Deploy.0 = Debug|Any CPU
		{664C76BA-1037-47B8-A982-696BED62F990}.Debug|x86.ActiveCfg = Debug|Any CPU
		{664C76BA-1037-47B8-A982-696BED62F990}.Debug|x86.Build.0 = Debug|Any CPU
		{664C76BA-1037-47B8-A982-696BED62F990}.Debug|x86.Deploy.0 = Debug|Any CPU
		{664C76BA-1037-47B8-A982-696BED62F990}.Release|Any CPU.ActiveCfg = Release|Any CPU
		{664C76BA-1037-47B8-A982-696BED62F990}.Release|Any CPU.Build.0 = Release|Any CPU
		{664C76BA-1037-47B8-A982-696BED62F990}.Release|Any CPU.Deploy.0 = Release|Any CPU
		{664C76BA-1037-47B8-A982-696BED62F990}.Release|ARM.ActiveCfg = Release|Any CPU
		{664C76BA-1037-47B8-A982-696BED62F990}.Release|ARM.Build.0 = Release|Any CPU
		{664C76BA-1037-47B8-A982-696BED62F990}.Release|ARM.Deploy.0 = Release|Any CPU
		{664C76BA-1037-47B8-A982-696BED62F990}.Release|iPhone.ActiveCfg = Release|Any CPU
		{664C76BA-1037-47B8-A982-696BED62F990}.Release|iPhone.Build.0 = Release|Any CPU
		{664C76BA-1037-47B8-A982-696BED62F990}.Release|iPhone.Deploy.0 = Release|Any CPU
		{664C76BA-1037-47B8-A982-696BED62F990}.Release|iPhoneSimulator.ActiveCfg = Release|Any CPU
		{664C76BA-1037-47B8-A982-696BED62F990}.Release|iPhoneSimulator.Build.0 = Release|Any CPU
		{664C76BA-1037-47B8-A982-696BED62F990}.Release|iPhoneSimulator.Deploy.0 = Release|Any CPU
		{664C76BA-1037-47B8-A982-696BED62F990}.Release|x86.ActiveCfg = Release|Any CPU
		{664C76BA-1037-47B8-A982-696BED62F990}.Release|x86.Build.0 = Release|Any CPU
		{664C76BA-1037-47B8-A982-696BED62F990}.Release|x86.Deploy.0 = Release|Any CPU
		{A63A8C18-9F20-4775-A029-FBC188B560D4}.Ad-Hoc|Any CPU.ActiveCfg = Release|Any CPU
		{A63A8C18-9F20-4775-A029-FBC188B560D4}.Ad-Hoc|Any CPU.Build.0 = Release|Any CPU
		{A63A8C18-9F20-4775-A029-FBC188B560D4}.Ad-Hoc|Any CPU.Deploy.0 = Release|Any CPU
		{A63A8C18-9F20-4775-A029-FBC188B560D4}.Ad-Hoc|ARM.ActiveCfg = Release|ARM
		{A63A8C18-9F20-4775-A029-FBC188B560D4}.Ad-Hoc|ARM.Build.0 = Release|ARM
		{A63A8C18-9F20-4775-A029-FBC188B560D4}.Ad-Hoc|ARM.Deploy.0 = Release|ARM
		{A63A8C18-9F20-4775-A029-FBC188B560D4}.Ad-Hoc|iPhone.ActiveCfg = Release|Any CPU
		{A63A8C18-9F20-4775-A029-FBC188B560D4}.Ad-Hoc|iPhone.Build.0 = Release|Any CPU
		{A63A8C18-9F20-4775-A029-FBC188B560D4}.Ad-Hoc|iPhone.Deploy.0 = Release|Any CPU
		{A63A8C18-9F20-4775-A029-FBC188B560D4}.Ad-Hoc|iPhoneSimulator.ActiveCfg = Release|Any CPU
		{A63A8C18-9F20-4775-A029-FBC188B560D4}.Ad-Hoc|iPhoneSimulator.Build.0 = Release|Any CPU
		{A63A8C18-9F20-4775-A029-FBC188B560D4}.Ad-Hoc|iPhoneSimulator.Deploy.0 = Release|Any CPU
		{A63A8C18-9F20-4775-A029-FBC188B560D4}.Ad-Hoc|x86.ActiveCfg = Release|x86
		{A63A8C18-9F20-4775-A029-FBC188B560D4}.Ad-Hoc|x86.Build.0 = Release|x86
		{A63A8C18-9F20-4775-A029-FBC188B560D4}.Ad-Hoc|x86.Deploy.0 = Release|x86
		{A63A8C18-9F20-4775-A029-FBC188B560D4}.AppStore|Any CPU.ActiveCfg = Release|Any CPU
		{A63A8C18-9F20-4775-A029-FBC188B560D4}.AppStore|Any CPU.Build.0 = Release|Any CPU
		{A63A8C18-9F20-4775-A029-FBC188B560D4}.AppStore|Any CPU.Deploy.0 = Release|Any CPU
		{A63A8C18-9F20-4775-A029-FBC188B560D4}.AppStore|ARM.ActiveCfg = Release|ARM
		{A63A8C18-9F20-4775-A029-FBC188B560D4}.AppStore|ARM.Build.0 = Release|ARM
		{A63A8C18-9F20-4775-A029-FBC188B560D4}.AppStore|ARM.Deploy.0 = Release|ARM
		{A63A8C18-9F20-4775-A029-FBC188B560D4}.AppStore|iPhone.ActiveCfg = Release|Any CPU
		{A63A8C18-9F20-4775-A029-FBC188B560D4}.AppStore|iPhone.Build.0 = Release|Any CPU
		{A63A8C18-9F20-4775-A029-FBC188B560D4}.AppStore|iPhone.Deploy.0 = Release|Any CPU
		{A63A8C18-9F20-4775-A029-FBC188B560D4}.AppStore|iPhoneSimulator.ActiveCfg = Release|Any CPU
		{A63A8C18-9F20-4775-A029-FBC188B560D4}.AppStore|iPhoneSimulator.Build.0 = Release|Any CPU
		{A63A8C18-9F20-4775-A029-FBC188B560D4}.AppStore|iPhoneSimulator.Deploy.0 = Release|Any CPU
		{A63A8C18-9F20-4775-A029-FBC188B560D4}.AppStore|x86.ActiveCfg = Release|x86
		{A63A8C18-9F20-4775-A029-FBC188B560D4}.AppStore|x86.Build.0 = Release|x86
		{A63A8C18-9F20-4775-A029-FBC188B560D4}.AppStore|x86.Deploy.0 = Release|x86
		{A63A8C18-9F20-4775-A029-FBC188B560D4}.Debug|Any CPU.ActiveCfg = Debug|Any CPU
		{A63A8C18-9F20-4775-A029-FBC188B560D4}.Debug|Any CPU.Build.0 = Debug|Any CPU
		{A63A8C18-9F20-4775-A029-FBC188B560D4}.Debug|Any CPU.Deploy.0 = Debug|Any CPU
		{A63A8C18-9F20-4775-A029-FBC188B560D4}.Debug|ARM.ActiveCfg = Debug|ARM
		{A63A8C18-9F20-4775-A029-FBC188B560D4}.Debug|ARM.Build.0 = Debug|ARM
		{A63A8C18-9F20-4775-A029-FBC188B560D4}.Debug|ARM.Deploy.0 = Debug|ARM
		{A63A8C18-9F20-4775-A029-FBC188B560D4}.Debug|iPhone.ActiveCfg = Debug|Any CPU
		{A63A8C18-9F20-4775-A029-FBC188B560D4}.Debug|iPhone.Build.0 = Debug|Any CPU
		{A63A8C18-9F20-4775-A029-FBC188B560D4}.Debug|iPhone.Deploy.0 = Debug|Any CPU
		{A63A8C18-9F20-4775-A029-FBC188B560D4}.Debug|iPhoneSimulator.ActiveCfg = Debug|Any CPU
		{A63A8C18-9F20-4775-A029-FBC188B560D4}.Debug|iPhoneSimulator.Build.0 = Debug|Any CPU
		{A63A8C18-9F20-4775-A029-FBC188B560D4}.Debug|iPhoneSimulator.Deploy.0 = Debug|Any CPU
		{A63A8C18-9F20-4775-A029-FBC188B560D4}.Debug|x86.ActiveCfg = Debug|x86
		{A63A8C18-9F20-4775-A029-FBC188B560D4}.Debug|x86.Build.0 = Debug|x86
		{A63A8C18-9F20-4775-A029-FBC188B560D4}.Debug|x86.Deploy.0 = Debug|x86
		{A63A8C18-9F20-4775-A029-FBC188B560D4}.Release|Any CPU.ActiveCfg = Release|Any CPU
		{A63A8C18-9F20-4775-A029-FBC188B560D4}.Release|Any CPU.Build.0 = Release|Any CPU
		{A63A8C18-9F20-4775-A029-FBC188B560D4}.Release|Any CPU.Deploy.0 = Release|Any CPU
		{A63A8C18-9F20-4775-A029-FBC188B560D4}.Release|ARM.ActiveCfg = Release|ARM
		{A63A8C18-9F20-4775-A029-FBC188B560D4}.Release|ARM.Build.0 = Release|ARM
		{A63A8C18-9F20-4775-A029-FBC188B560D4}.Release|ARM.Deploy.0 = Release|ARM
		{A63A8C18-9F20-4775-A029-FBC188B560D4}.Release|iPhone.ActiveCfg = Release|Any CPU
		{A63A8C18-9F20-4775-A029-FBC188B560D4}.Release|iPhone.Build.0 = Release|Any CPU
		{A63A8C18-9F20-4775-A029-FBC188B560D4}.Release|iPhone.Deploy.0 = Release|Any CPU
		{A63A8C18-9F20-4775-A029-FBC188B560D4}.Release|iPhoneSimulator.ActiveCfg = Release|Any CPU
		{A63A8C18-9F20-4775-A029-FBC188B560D4}.Release|iPhoneSimulator.Build.0 = Release|Any CPU
		{A63A8C18-9F20-4775-A029-FBC188B560D4}.Release|iPhoneSimulator.Deploy.0 = Release|Any CPU
		{A63A8C18-9F20-4775-A029-FBC188B560D4}.Release|x86.ActiveCfg = Release|x86
		{A63A8C18-9F20-4775-A029-FBC188B560D4}.Release|x86.Build.0 = Release|x86
		{A63A8C18-9F20-4775-A029-FBC188B560D4}.Release|x86.Deploy.0 = Release|x86
		{4973C59C-6260-4653-AE13-1C3A2E959A08}.Ad-Hoc|Any CPU.ActiveCfg = Release|Any CPU
		{4973C59C-6260-4653-AE13-1C3A2E959A08}.Ad-Hoc|Any CPU.Build.0 = Release|Any CPU
		{4973C59C-6260-4653-AE13-1C3A2E959A08}.Ad-Hoc|ARM.ActiveCfg = Release|Any CPU
		{4973C59C-6260-4653-AE13-1C3A2E959A08}.Ad-Hoc|ARM.Build.0 = Release|Any CPU
		{4973C59C-6260-4653-AE13-1C3A2E959A08}.Ad-Hoc|iPhone.ActiveCfg = Release|Any CPU
		{4973C59C-6260-4653-AE13-1C3A2E959A08}.Ad-Hoc|iPhone.Build.0 = Release|Any CPU
		{4973C59C-6260-4653-AE13-1C3A2E959A08}.Ad-Hoc|iPhoneSimulator.ActiveCfg = Release|Any CPU
		{4973C59C-6260-4653-AE13-1C3A2E959A08}.Ad-Hoc|iPhoneSimulator.Build.0 = Release|Any CPU
		{4973C59C-6260-4653-AE13-1C3A2E959A08}.Ad-Hoc|x86.ActiveCfg = Release|Any CPU
		{4973C59C-6260-4653-AE13-1C3A2E959A08}.Ad-Hoc|x86.Build.0 = Release|Any CPU
		{4973C59C-6260-4653-AE13-1C3A2E959A08}.AppStore|Any CPU.ActiveCfg = Release|Any CPU
		{4973C59C-6260-4653-AE13-1C3A2E959A08}.AppStore|Any CPU.Build.0 = Release|Any CPU
		{4973C59C-6260-4653-AE13-1C3A2E959A08}.AppStore|ARM.ActiveCfg = Release|Any CPU
		{4973C59C-6260-4653-AE13-1C3A2E959A08}.AppStore|ARM.Build.0 = Release|Any CPU
		{4973C59C-6260-4653-AE13-1C3A2E959A08}.AppStore|iPhone.ActiveCfg = Release|Any CPU
		{4973C59C-6260-4653-AE13-1C3A2E959A08}.AppStore|iPhone.Build.0 = Release|Any CPU
		{4973C59C-6260-4653-AE13-1C3A2E959A08}.AppStore|iPhoneSimulator.ActiveCfg = Release|Any CPU
		{4973C59C-6260-4653-AE13-1C3A2E959A08}.AppStore|iPhoneSimulator.Build.0 = Release|Any CPU
		{4973C59C-6260-4653-AE13-1C3A2E959A08}.AppStore|x86.ActiveCfg = Release|Any CPU
		{4973C59C-6260-4653-AE13-1C3A2E959A08}.AppStore|x86.Build.0 = Release|Any CPU
		{4973C59C-6260-4653-AE13-1C3A2E959A08}.Debug|Any CPU.ActiveCfg = Debug|Any CPU
		{4973C59C-6260-4653-AE13-1C3A2E959A08}.Debug|Any CPU.Build.0 = Debug|Any CPU
		{4973C59C-6260-4653-AE13-1C3A2E959A08}.Debug|ARM.ActiveCfg = Debug|Any CPU
		{4973C59C-6260-4653-AE13-1C3A2E959A08}.Debug|ARM.Build.0 = Debug|Any CPU
		{4973C59C-6260-4653-AE13-1C3A2E959A08}.Debug|iPhone.ActiveCfg = Debug|Any CPU
		{4973C59C-6260-4653-AE13-1C3A2E959A08}.Debug|iPhone.Build.0 = Debug|Any CPU
		{4973C59C-6260-4653-AE13-1C3A2E959A08}.Debug|iPhoneSimulator.ActiveCfg = Debug|Any CPU
		{4973C59C-6260-4653-AE13-1C3A2E959A08}.Debug|iPhoneSimulator.Build.0 = Debug|Any CPU
		{4973C59C-6260-4653-AE13-1C3A2E959A08}.Debug|x86.ActiveCfg = Debug|Any CPU
		{4973C59C-6260-4653-AE13-1C3A2E959A08}.Debug|x86.Build.0 = Debug|Any CPU
		{4973C59C-6260-4653-AE13-1C3A2E959A08}.Release|Any CPU.ActiveCfg = Release|Any CPU
		{4973C59C-6260-4653-AE13-1C3A2E959A08}.Release|Any CPU.Build.0 = Release|Any CPU
		{4973C59C-6260-4653-AE13-1C3A2E959A08}.Release|ARM.ActiveCfg = Release|Any CPU
		{4973C59C-6260-4653-AE13-1C3A2E959A08}.Release|ARM.Build.0 = Release|Any CPU
		{4973C59C-6260-4653-AE13-1C3A2E959A08}.Release|iPhone.ActiveCfg = Release|Any CPU
		{4973C59C-6260-4653-AE13-1C3A2E959A08}.Release|iPhone.Build.0 = Release|Any CPU
		{4973C59C-6260-4653-AE13-1C3A2E959A08}.Release|iPhoneSimulator.ActiveCfg = Release|Any CPU
		{4973C59C-6260-4653-AE13-1C3A2E959A08}.Release|iPhoneSimulator.Build.0 = Release|Any CPU
		{4973C59C-6260-4653-AE13-1C3A2E959A08}.Release|x86.ActiveCfg = Release|Any CPU
		{4973C59C-6260-4653-AE13-1C3A2E959A08}.Release|x86.Build.0 = Release|Any CPU
		{DD81F3B7-C2BD-44BD-9BDD-051C7DFC6EDA}.Ad-Hoc|Any CPU.ActiveCfg = Release|Any CPU
		{DD81F3B7-C2BD-44BD-9BDD-051C7DFC6EDA}.Ad-Hoc|Any CPU.Build.0 = Release|Any CPU
		{DD81F3B7-C2BD-44BD-9BDD-051C7DFC6EDA}.Ad-Hoc|ARM.ActiveCfg = Release|Any CPU
		{DD81F3B7-C2BD-44BD-9BDD-051C7DFC6EDA}.Ad-Hoc|ARM.Build.0 = Release|Any CPU
		{DD81F3B7-C2BD-44BD-9BDD-051C7DFC6EDA}.Ad-Hoc|iPhone.ActiveCfg = Release|Any CPU
		{DD81F3B7-C2BD-44BD-9BDD-051C7DFC6EDA}.Ad-Hoc|iPhone.Build.0 = Release|Any CPU
		{DD81F3B7-C2BD-44BD-9BDD-051C7DFC6EDA}.Ad-Hoc|iPhoneSimulator.ActiveCfg = Release|Any CPU
		{DD81F3B7-C2BD-44BD-9BDD-051C7DFC6EDA}.Ad-Hoc|iPhoneSimulator.Build.0 = Release|Any CPU
		{DD81F3B7-C2BD-44BD-9BDD-051C7DFC6EDA}.Ad-Hoc|x86.ActiveCfg = Release|Any CPU
		{DD81F3B7-C2BD-44BD-9BDD-051C7DFC6EDA}.Ad-Hoc|x86.Build.0 = Release|Any CPU
		{DD81F3B7-C2BD-44BD-9BDD-051C7DFC6EDA}.AppStore|Any CPU.ActiveCfg = Release|Any CPU
		{DD81F3B7-C2BD-44BD-9BDD-051C7DFC6EDA}.AppStore|Any CPU.Build.0 = Release|Any CPU
		{DD81F3B7-C2BD-44BD-9BDD-051C7DFC6EDA}.AppStore|ARM.ActiveCfg = Release|Any CPU
		{DD81F3B7-C2BD-44BD-9BDD-051C7DFC6EDA}.AppStore|ARM.Build.0 = Release|Any CPU
		{DD81F3B7-C2BD-44BD-9BDD-051C7DFC6EDA}.AppStore|iPhone.ActiveCfg = Release|Any CPU
		{DD81F3B7-C2BD-44BD-9BDD-051C7DFC6EDA}.AppStore|iPhone.Build.0 = Release|Any CPU
		{DD81F3B7-C2BD-44BD-9BDD-051C7DFC6EDA}.AppStore|iPhoneSimulator.ActiveCfg = Release|Any CPU
		{DD81F3B7-C2BD-44BD-9BDD-051C7DFC6EDA}.AppStore|iPhoneSimulator.Build.0 = Release|Any CPU
		{DD81F3B7-C2BD-44BD-9BDD-051C7DFC6EDA}.AppStore|x86.ActiveCfg = Release|Any CPU
		{DD81F3B7-C2BD-44BD-9BDD-051C7DFC6EDA}.AppStore|x86.Build.0 = Release|Any CPU
		{DD81F3B7-C2BD-44BD-9BDD-051C7DFC6EDA}.Debug|Any CPU.ActiveCfg = Debug|Any CPU
		{DD81F3B7-C2BD-44BD-9BDD-051C7DFC6EDA}.Debug|Any CPU.Build.0 = Debug|Any CPU
		{DD81F3B7-C2BD-44BD-9BDD-051C7DFC6EDA}.Debug|ARM.ActiveCfg = Debug|Any CPU
		{DD81F3B7-C2BD-44BD-9BDD-051C7DFC6EDA}.Debug|ARM.Build.0 = Debug|Any CPU
		{DD81F3B7-C2BD-44BD-9BDD-051C7DFC6EDA}.Debug|iPhone.ActiveCfg = Debug|Any CPU
		{DD81F3B7-C2BD-44BD-9BDD-051C7DFC6EDA}.Debug|iPhone.Build.0 = Debug|Any CPU
		{DD81F3B7-C2BD-44BD-9BDD-051C7DFC6EDA}.Debug|iPhoneSimulator.ActiveCfg = Debug|Any CPU
		{DD81F3B7-C2BD-44BD-9BDD-051C7DFC6EDA}.Debug|iPhoneSimulator.Build.0 = Debug|Any CPU
		{DD81F3B7-C2BD-44BD-9BDD-051C7DFC6EDA}.Debug|x86.ActiveCfg = Debug|Any CPU
		{DD81F3B7-C2BD-44BD-9BDD-051C7DFC6EDA}.Debug|x86.Build.0 = Debug|Any CPU
		{DD81F3B7-C2BD-44BD-9BDD-051C7DFC6EDA}.Release|Any CPU.ActiveCfg = Release|Any CPU
		{DD81F3B7-C2BD-44BD-9BDD-051C7DFC6EDA}.Release|Any CPU.Build.0 = Release|Any CPU
		{DD81F3B7-C2BD-44BD-9BDD-051C7DFC6EDA}.Release|ARM.ActiveCfg = Release|Any CPU
		{DD81F3B7-C2BD-44BD-9BDD-051C7DFC6EDA}.Release|ARM.Build.0 = Release|Any CPU
		{DD81F3B7-C2BD-44BD-9BDD-051C7DFC6EDA}.Release|iPhone.ActiveCfg = Release|Any CPU
		{DD81F3B7-C2BD-44BD-9BDD-051C7DFC6EDA}.Release|iPhone.Build.0 = Release|Any CPU
		{DD81F3B7-C2BD-44BD-9BDD-051C7DFC6EDA}.Release|iPhoneSimulator.ActiveCfg = Release|Any CPU
		{DD81F3B7-C2BD-44BD-9BDD-051C7DFC6EDA}.Release|iPhoneSimulator.Build.0 = Release|Any CPU
		{DD81F3B7-C2BD-44BD-9BDD-051C7DFC6EDA}.Release|x86.ActiveCfg = Release|Any CPU
		{DD81F3B7-C2BD-44BD-9BDD-051C7DFC6EDA}.Release|x86.Build.0 = Release|Any CPU
		{0330E810-7AC1-456F-9981-121491B48BFB}.Ad-Hoc|Any CPU.ActiveCfg = Release|Any CPU
		{0330E810-7AC1-456F-9981-121491B48BFB}.Ad-Hoc|Any CPU.Build.0 = Release|Any CPU
		{0330E810-7AC1-456F-9981-121491B48BFB}.Ad-Hoc|ARM.ActiveCfg = Release|Any CPU
		{0330E810-7AC1-456F-9981-121491B48BFB}.Ad-Hoc|ARM.Build.0 = Release|Any CPU
		{0330E810-7AC1-456F-9981-121491B48BFB}.Ad-Hoc|iPhone.ActiveCfg = Release|Any CPU
		{0330E810-7AC1-456F-9981-121491B48BFB}.Ad-Hoc|iPhone.Build.0 = Release|Any CPU
		{0330E810-7AC1-456F-9981-121491B48BFB}.Ad-Hoc|iPhoneSimulator.ActiveCfg = Release|Any CPU
		{0330E810-7AC1-456F-9981-121491B48BFB}.Ad-Hoc|iPhoneSimulator.Build.0 = Release|Any CPU
		{0330E810-7AC1-456F-9981-121491B48BFB}.Ad-Hoc|x86.ActiveCfg = Release|Any CPU
		{0330E810-7AC1-456F-9981-121491B48BFB}.Ad-Hoc|x86.Build.0 = Release|Any CPU
		{0330E810-7AC1-456F-9981-121491B48BFB}.AppStore|Any CPU.ActiveCfg = Release|Any CPU
		{0330E810-7AC1-456F-9981-121491B48BFB}.AppStore|Any CPU.Build.0 = Release|Any CPU
		{0330E810-7AC1-456F-9981-121491B48BFB}.AppStore|ARM.ActiveCfg = Release|Any CPU
		{0330E810-7AC1-456F-9981-121491B48BFB}.AppStore|ARM.Build.0 = Release|Any CPU
		{0330E810-7AC1-456F-9981-121491B48BFB}.AppStore|iPhone.ActiveCfg = Release|Any CPU
		{0330E810-7AC1-456F-9981-121491B48BFB}.AppStore|iPhone.Build.0 = Release|Any CPU
		{0330E810-7AC1-456F-9981-121491B48BFB}.AppStore|iPhoneSimulator.ActiveCfg = Release|Any CPU
		{0330E810-7AC1-456F-9981-121491B48BFB}.AppStore|iPhoneSimulator.Build.0 = Release|Any CPU
		{0330E810-7AC1-456F-9981-121491B48BFB}.AppStore|x86.ActiveCfg = Release|Any CPU
		{0330E810-7AC1-456F-9981-121491B48BFB}.AppStore|x86.Build.0 = Release|Any CPU
		{0330E810-7AC1-456F-9981-121491B48BFB}.Debug|Any CPU.ActiveCfg = Debug|Any CPU
		{0330E810-7AC1-456F-9981-121491B48BFB}.Debug|Any CPU.Build.0 = Debug|Any CPU
		{0330E810-7AC1-456F-9981-121491B48BFB}.Debug|ARM.ActiveCfg = Debug|Any CPU
		{0330E810-7AC1-456F-9981-121491B48BFB}.Debug|ARM.Build.0 = Debug|Any CPU
		{0330E810-7AC1-456F-9981-121491B48BFB}.Debug|iPhone.ActiveCfg = Debug|Any CPU
		{0330E810-7AC1-456F-9981-121491B48BFB}.Debug|iPhone.Build.0 = Debug|Any CPU
		{0330E810-7AC1-456F-9981-121491B48BFB}.Debug|iPhoneSimulator.ActiveCfg = Debug|Any CPU
		{0330E810-7AC1-456F-9981-121491B48BFB}.Debug|iPhoneSimulator.Build.0 = Debug|Any CPU
		{0330E810-7AC1-456F-9981-121491B48BFB}.Debug|x86.ActiveCfg = Debug|Any CPU
		{0330E810-7AC1-456F-9981-121491B48BFB}.Debug|x86.Build.0 = Debug|Any CPU
		{0330E810-7AC1-456F-9981-121491B48BFB}.Release|Any CPU.ActiveCfg = Release|Any CPU
		{0330E810-7AC1-456F-9981-121491B48BFB}.Release|Any CPU.Build.0 = Release|Any CPU
		{0330E810-7AC1-456F-9981-121491B48BFB}.Release|ARM.ActiveCfg = Release|Any CPU
		{0330E810-7AC1-456F-9981-121491B48BFB}.Release|ARM.Build.0 = Release|Any CPU
		{0330E810-7AC1-456F-9981-121491B48BFB}.Release|iPhone.ActiveCfg = Release|Any CPU
		{0330E810-7AC1-456F-9981-121491B48BFB}.Release|iPhone.Build.0 = Release|Any CPU
		{0330E810-7AC1-456F-9981-121491B48BFB}.Release|iPhoneSimulator.ActiveCfg = Release|Any CPU
		{0330E810-7AC1-456F-9981-121491B48BFB}.Release|iPhoneSimulator.Build.0 = Release|Any CPU
		{0330E810-7AC1-456F-9981-121491B48BFB}.Release|x86.ActiveCfg = Release|Any CPU
		{0330E810-7AC1-456F-9981-121491B48BFB}.Release|x86.Build.0 = Release|Any CPU
		{D49AA93B-9C73-4BCA-AA4A-924338CE1FDC}.Ad-Hoc|Any CPU.ActiveCfg = Release|Any CPU
		{D49AA93B-9C73-4BCA-AA4A-924338CE1FDC}.Ad-Hoc|Any CPU.Build.0 = Release|Any CPU
		{D49AA93B-9C73-4BCA-AA4A-924338CE1FDC}.Ad-Hoc|ARM.ActiveCfg = Release|Any CPU
		{D49AA93B-9C73-4BCA-AA4A-924338CE1FDC}.Ad-Hoc|ARM.Build.0 = Release|Any CPU
		{D49AA93B-9C73-4BCA-AA4A-924338CE1FDC}.Ad-Hoc|iPhone.ActiveCfg = Release|Any CPU
		{D49AA93B-9C73-4BCA-AA4A-924338CE1FDC}.Ad-Hoc|iPhone.Build.0 = Release|Any CPU
		{D49AA93B-9C73-4BCA-AA4A-924338CE1FDC}.Ad-Hoc|iPhoneSimulator.ActiveCfg = Release|Any CPU
		{D49AA93B-9C73-4BCA-AA4A-924338CE1FDC}.Ad-Hoc|iPhoneSimulator.Build.0 = Release|Any CPU
		{D49AA93B-9C73-4BCA-AA4A-924338CE1FDC}.Ad-Hoc|x86.ActiveCfg = Release|Any CPU
		{D49AA93B-9C73-4BCA-AA4A-924338CE1FDC}.Ad-Hoc|x86.Build.0 = Release|Any CPU
		{D49AA93B-9C73-4BCA-AA4A-924338CE1FDC}.AppStore|Any CPU.ActiveCfg = Release|Any CPU
		{D49AA93B-9C73-4BCA-AA4A-924338CE1FDC}.AppStore|Any CPU.Build.0 = Release|Any CPU
		{D49AA93B-9C73-4BCA-AA4A-924338CE1FDC}.AppStore|ARM.ActiveCfg = Release|Any CPU
		{D49AA93B-9C73-4BCA-AA4A-924338CE1FDC}.AppStore|ARM.Build.0 = Release|Any CPU
		{D49AA93B-9C73-4BCA-AA4A-924338CE1FDC}.AppStore|iPhone.ActiveCfg = Release|Any CPU
		{D49AA93B-9C73-4BCA-AA4A-924338CE1FDC}.AppStore|iPhone.Build.0 = Release|Any CPU
		{D49AA93B-9C73-4BCA-AA4A-924338CE1FDC}.AppStore|iPhoneSimulator.ActiveCfg = Release|Any CPU
		{D49AA93B-9C73-4BCA-AA4A-924338CE1FDC}.AppStore|iPhoneSimulator.Build.0 = Release|Any CPU
		{D49AA93B-9C73-4BCA-AA4A-924338CE1FDC}.AppStore|x86.ActiveCfg = Release|Any CPU
		{D49AA93B-9C73-4BCA-AA4A-924338CE1FDC}.AppStore|x86.Build.0 = Release|Any CPU
		{D49AA93B-9C73-4BCA-AA4A-924338CE1FDC}.Debug|Any CPU.ActiveCfg = Debug|Any CPU
		{D49AA93B-9C73-4BCA-AA4A-924338CE1FDC}.Debug|Any CPU.Build.0 = Debug|Any CPU
		{D49AA93B-9C73-4BCA-AA4A-924338CE1FDC}.Debug|ARM.ActiveCfg = Debug|Any CPU
		{D49AA93B-9C73-4BCA-AA4A-924338CE1FDC}.Debug|ARM.Build.0 = Debug|Any CPU
		{D49AA93B-9C73-4BCA-AA4A-924338CE1FDC}.Debug|iPhone.ActiveCfg = Debug|Any CPU
		{D49AA93B-9C73-4BCA-AA4A-924338CE1FDC}.Debug|iPhone.Build.0 = Debug|Any CPU
		{D49AA93B-9C73-4BCA-AA4A-924338CE1FDC}.Debug|iPhoneSimulator.ActiveCfg = Debug|Any CPU
		{D49AA93B-9C73-4BCA-AA4A-924338CE1FDC}.Debug|iPhoneSimulator.Build.0 = Debug|Any CPU
		{D49AA93B-9C73-4BCA-AA4A-924338CE1FDC}.Debug|x86.ActiveCfg = Debug|Any CPU
		{D49AA93B-9C73-4BCA-AA4A-924338CE1FDC}.Debug|x86.Build.0 = Debug|Any CPU
		{D49AA93B-9C73-4BCA-AA4A-924338CE1FDC}.Release|Any CPU.ActiveCfg = Release|Any CPU
		{D49AA93B-9C73-4BCA-AA4A-924338CE1FDC}.Release|Any CPU.Build.0 = Release|Any CPU
		{D49AA93B-9C73-4BCA-AA4A-924338CE1FDC}.Release|ARM.ActiveCfg = Release|Any CPU
		{D49AA93B-9C73-4BCA-AA4A-924338CE1FDC}.Release|ARM.Build.0 = Release|Any CPU
		{D49AA93B-9C73-4BCA-AA4A-924338CE1FDC}.Release|iPhone.ActiveCfg = Release|Any CPU
		{D49AA93B-9C73-4BCA-AA4A-924338CE1FDC}.Release|iPhone.Build.0 = Release|Any CPU
		{D49AA93B-9C73-4BCA-AA4A-924338CE1FDC}.Release|iPhoneSimulator.ActiveCfg = Release|Any CPU
		{D49AA93B-9C73-4BCA-AA4A-924338CE1FDC}.Release|iPhoneSimulator.Build.0 = Release|Any CPU
		{D49AA93B-9C73-4BCA-AA4A-924338CE1FDC}.Release|x86.ActiveCfg = Release|Any CPU
		{D49AA93B-9C73-4BCA-AA4A-924338CE1FDC}.Release|x86.Build.0 = Release|Any CPU
		{2D98B769-AC99-4A3A-A390-1CBBA9BDB17E}.Ad-Hoc|Any CPU.ActiveCfg = Release|Any CPU
		{2D98B769-AC99-4A3A-A390-1CBBA9BDB17E}.Ad-Hoc|Any CPU.Build.0 = Release|Any CPU
		{2D98B769-AC99-4A3A-A390-1CBBA9BDB17E}.Ad-Hoc|ARM.ActiveCfg = Release|Any CPU
		{2D98B769-AC99-4A3A-A390-1CBBA9BDB17E}.Ad-Hoc|ARM.Build.0 = Release|Any CPU
		{2D98B769-AC99-4A3A-A390-1CBBA9BDB17E}.Ad-Hoc|iPhone.ActiveCfg = Release|Any CPU
		{2D98B769-AC99-4A3A-A390-1CBBA9BDB17E}.Ad-Hoc|iPhone.Build.0 = Release|Any CPU
		{2D98B769-AC99-4A3A-A390-1CBBA9BDB17E}.Ad-Hoc|iPhoneSimulator.ActiveCfg = Release|Any CPU
		{2D98B769-AC99-4A3A-A390-1CBBA9BDB17E}.Ad-Hoc|iPhoneSimulator.Build.0 = Release|Any CPU
		{2D98B769-AC99-4A3A-A390-1CBBA9BDB17E}.Ad-Hoc|x86.ActiveCfg = Release|Any CPU
		{2D98B769-AC99-4A3A-A390-1CBBA9BDB17E}.Ad-Hoc|x86.Build.0 = Release|Any CPU
		{2D98B769-AC99-4A3A-A390-1CBBA9BDB17E}.AppStore|Any CPU.ActiveCfg = Release|Any CPU
		{2D98B769-AC99-4A3A-A390-1CBBA9BDB17E}.AppStore|Any CPU.Build.0 = Release|Any CPU
		{2D98B769-AC99-4A3A-A390-1CBBA9BDB17E}.AppStore|ARM.ActiveCfg = Release|Any CPU
		{2D98B769-AC99-4A3A-A390-1CBBA9BDB17E}.AppStore|ARM.Build.0 = Release|Any CPU
		{2D98B769-AC99-4A3A-A390-1CBBA9BDB17E}.AppStore|iPhone.ActiveCfg = Release|Any CPU
		{2D98B769-AC99-4A3A-A390-1CBBA9BDB17E}.AppStore|iPhone.Build.0 = Release|Any CPU
		{2D98B769-AC99-4A3A-A390-1CBBA9BDB17E}.AppStore|iPhoneSimulator.ActiveCfg = Release|Any CPU
		{2D98B769-AC99-4A3A-A390-1CBBA9BDB17E}.AppStore|iPhoneSimulator.Build.0 = Release|Any CPU
		{2D98B769-AC99-4A3A-A390-1CBBA9BDB17E}.AppStore|x86.ActiveCfg = Release|Any CPU
		{2D98B769-AC99-4A3A-A390-1CBBA9BDB17E}.AppStore|x86.Build.0 = Release|Any CPU
		{2D98B769-AC99-4A3A-A390-1CBBA9BDB17E}.Debug|Any CPU.ActiveCfg = Debug|Any CPU
		{2D98B769-AC99-4A3A-A390-1CBBA9BDB17E}.Debug|Any CPU.Build.0 = Debug|Any CPU
		{2D98B769-AC99-4A3A-A390-1CBBA9BDB17E}.Debug|ARM.ActiveCfg = Debug|Any CPU
		{2D98B769-AC99-4A3A-A390-1CBBA9BDB17E}.Debug|ARM.Build.0 = Debug|Any CPU
		{2D98B769-AC99-4A3A-A390-1CBBA9BDB17E}.Debug|iPhone.ActiveCfg = Debug|Any CPU
		{2D98B769-AC99-4A3A-A390-1CBBA9BDB17E}.Debug|iPhone.Build.0 = Debug|Any CPU
		{2D98B769-AC99-4A3A-A390-1CBBA9BDB17E}.Debug|iPhoneSimulator.ActiveCfg = Debug|Any CPU
		{2D98B769-AC99-4A3A-A390-1CBBA9BDB17E}.Debug|iPhoneSimulator.Build.0 = Debug|Any CPU
		{2D98B769-AC99-4A3A-A390-1CBBA9BDB17E}.Debug|x86.ActiveCfg = Debug|Any CPU
		{2D98B769-AC99-4A3A-A390-1CBBA9BDB17E}.Debug|x86.Build.0 = Debug|Any CPU
		{2D98B769-AC99-4A3A-A390-1CBBA9BDB17E}.Release|Any CPU.ActiveCfg = Release|Any CPU
		{2D98B769-AC99-4A3A-A390-1CBBA9BDB17E}.Release|Any CPU.Build.0 = Release|Any CPU
		{2D98B769-AC99-4A3A-A390-1CBBA9BDB17E}.Release|ARM.ActiveCfg = Release|Any CPU
		{2D98B769-AC99-4A3A-A390-1CBBA9BDB17E}.Release|ARM.Build.0 = Release|Any CPU
		{2D98B769-AC99-4A3A-A390-1CBBA9BDB17E}.Release|iPhone.ActiveCfg = Release|Any CPU
		{2D98B769-AC99-4A3A-A390-1CBBA9BDB17E}.Release|iPhone.Build.0 = Release|Any CPU
		{2D98B769-AC99-4A3A-A390-1CBBA9BDB17E}.Release|iPhoneSimulator.ActiveCfg = Release|Any CPU
		{2D98B769-AC99-4A3A-A390-1CBBA9BDB17E}.Release|iPhoneSimulator.Build.0 = Release|Any CPU
		{2D98B769-AC99-4A3A-A390-1CBBA9BDB17E}.Release|x86.ActiveCfg = Release|Any CPU
		{2D98B769-AC99-4A3A-A390-1CBBA9BDB17E}.Release|x86.Build.0 = Release|Any CPU
		{622848F2-4E4C-4B1E-B63B-47317AF413B4}.Ad-Hoc|Any CPU.ActiveCfg = Release|Any CPU
		{622848F2-4E4C-4B1E-B63B-47317AF413B4}.Ad-Hoc|Any CPU.Build.0 = Release|Any CPU
		{622848F2-4E4C-4B1E-B63B-47317AF413B4}.Ad-Hoc|ARM.ActiveCfg = Release|Any CPU
		{622848F2-4E4C-4B1E-B63B-47317AF413B4}.Ad-Hoc|ARM.Build.0 = Release|Any CPU
		{622848F2-4E4C-4B1E-B63B-47317AF413B4}.Ad-Hoc|iPhone.ActiveCfg = Release|Any CPU
		{622848F2-4E4C-4B1E-B63B-47317AF413B4}.Ad-Hoc|iPhone.Build.0 = Release|Any CPU
		{622848F2-4E4C-4B1E-B63B-47317AF413B4}.Ad-Hoc|iPhoneSimulator.ActiveCfg = Release|Any CPU
		{622848F2-4E4C-4B1E-B63B-47317AF413B4}.Ad-Hoc|iPhoneSimulator.Build.0 = Release|Any CPU
		{622848F2-4E4C-4B1E-B63B-47317AF413B4}.Ad-Hoc|x86.ActiveCfg = Release|Any CPU
		{622848F2-4E4C-4B1E-B63B-47317AF413B4}.Ad-Hoc|x86.Build.0 = Release|Any CPU
		{622848F2-4E4C-4B1E-B63B-47317AF413B4}.AppStore|Any CPU.ActiveCfg = Release|Any CPU
		{622848F2-4E4C-4B1E-B63B-47317AF413B4}.AppStore|Any CPU.Build.0 = Release|Any CPU
		{622848F2-4E4C-4B1E-B63B-47317AF413B4}.AppStore|ARM.ActiveCfg = Release|Any CPU
		{622848F2-4E4C-4B1E-B63B-47317AF413B4}.AppStore|ARM.Build.0 = Release|Any CPU
		{622848F2-4E4C-4B1E-B63B-47317AF413B4}.AppStore|iPhone.ActiveCfg = Release|Any CPU
		{622848F2-4E4C-4B1E-B63B-47317AF413B4}.AppStore|iPhone.Build.0 = Release|Any CPU
		{622848F2-4E4C-4B1E-B63B-47317AF413B4}.AppStore|iPhoneSimulator.ActiveCfg = Release|Any CPU
		{622848F2-4E4C-4B1E-B63B-47317AF413B4}.AppStore|iPhoneSimulator.Build.0 = Release|Any CPU
		{622848F2-4E4C-4B1E-B63B-47317AF413B4}.AppStore|x86.ActiveCfg = Release|Any CPU
		{622848F2-4E4C-4B1E-B63B-47317AF413B4}.AppStore|x86.Build.0 = Release|Any CPU
		{622848F2-4E4C-4B1E-B63B-47317AF413B4}.Debug|Any CPU.ActiveCfg = Debug|Any CPU
		{622848F2-4E4C-4B1E-B63B-47317AF413B4}.Debug|Any CPU.Build.0 = Debug|Any CPU
		{622848F2-4E4C-4B1E-B63B-47317AF413B4}.Debug|ARM.ActiveCfg = Debug|Any CPU
		{622848F2-4E4C-4B1E-B63B-47317AF413B4}.Debug|ARM.Build.0 = Debug|Any CPU
		{622848F2-4E4C-4B1E-B63B-47317AF413B4}.Debug|iPhone.ActiveCfg = Debug|Any CPU
		{622848F2-4E4C-4B1E-B63B-47317AF413B4}.Debug|iPhone.Build.0 = Debug|Any CPU
		{622848F2-4E4C-4B1E-B63B-47317AF413B4}.Debug|iPhoneSimulator.ActiveCfg = Debug|Any CPU
		{622848F2-4E4C-4B1E-B63B-47317AF413B4}.Debug|iPhoneSimulator.Build.0 = Debug|Any CPU
		{622848F2-4E4C-4B1E-B63B-47317AF413B4}.Debug|x86.ActiveCfg = Debug|Any CPU
		{622848F2-4E4C-4B1E-B63B-47317AF413B4}.Debug|x86.Build.0 = Debug|Any CPU
		{622848F2-4E4C-4B1E-B63B-47317AF413B4}.Release|Any CPU.ActiveCfg = Release|Any CPU
		{622848F2-4E4C-4B1E-B63B-47317AF413B4}.Release|Any CPU.Build.0 = Release|Any CPU
		{622848F2-4E4C-4B1E-B63B-47317AF413B4}.Release|ARM.ActiveCfg = Release|Any CPU
		{622848F2-4E4C-4B1E-B63B-47317AF413B4}.Release|ARM.Build.0 = Release|Any CPU
		{622848F2-4E4C-4B1E-B63B-47317AF413B4}.Release|iPhone.ActiveCfg = Release|Any CPU
		{622848F2-4E4C-4B1E-B63B-47317AF413B4}.Release|iPhone.Build.0 = Release|Any CPU
		{622848F2-4E4C-4B1E-B63B-47317AF413B4}.Release|iPhoneSimulator.ActiveCfg = Release|Any CPU
		{622848F2-4E4C-4B1E-B63B-47317AF413B4}.Release|iPhoneSimulator.Build.0 = Release|Any CPU
		{622848F2-4E4C-4B1E-B63B-47317AF413B4}.Release|x86.ActiveCfg = Release|Any CPU
		{622848F2-4E4C-4B1E-B63B-47317AF413B4}.Release|x86.Build.0 = Release|Any CPU
		{D03BA242-C6E6-4136-8ED4-C0A446C495F7}.Ad-Hoc|Any CPU.ActiveCfg = Release|Any CPU
		{D03BA242-C6E6-4136-8ED4-C0A446C495F7}.Ad-Hoc|Any CPU.Build.0 = Release|Any CPU
		{D03BA242-C6E6-4136-8ED4-C0A446C495F7}.Ad-Hoc|ARM.ActiveCfg = Release|Any CPU
		{D03BA242-C6E6-4136-8ED4-C0A446C495F7}.Ad-Hoc|ARM.Build.0 = Release|Any CPU
		{D03BA242-C6E6-4136-8ED4-C0A446C495F7}.Ad-Hoc|iPhone.ActiveCfg = Release|Any CPU
		{D03BA242-C6E6-4136-8ED4-C0A446C495F7}.Ad-Hoc|iPhone.Build.0 = Release|Any CPU
		{D03BA242-C6E6-4136-8ED4-C0A446C495F7}.Ad-Hoc|iPhoneSimulator.ActiveCfg = Release|Any CPU
		{D03BA242-C6E6-4136-8ED4-C0A446C495F7}.Ad-Hoc|iPhoneSimulator.Build.0 = Release|Any CPU
		{D03BA242-C6E6-4136-8ED4-C0A446C495F7}.Ad-Hoc|x86.ActiveCfg = Release|Any CPU
		{D03BA242-C6E6-4136-8ED4-C0A446C495F7}.Ad-Hoc|x86.Build.0 = Release|Any CPU
		{D03BA242-C6E6-4136-8ED4-C0A446C495F7}.AppStore|Any CPU.ActiveCfg = Release|Any CPU
		{D03BA242-C6E6-4136-8ED4-C0A446C495F7}.AppStore|Any CPU.Build.0 = Release|Any CPU
		{D03BA242-C6E6-4136-8ED4-C0A446C495F7}.AppStore|ARM.ActiveCfg = Release|Any CPU
		{D03BA242-C6E6-4136-8ED4-C0A446C495F7}.AppStore|ARM.Build.0 = Release|Any CPU
		{D03BA242-C6E6-4136-8ED4-C0A446C495F7}.AppStore|iPhone.ActiveCfg = Release|Any CPU
		{D03BA242-C6E6-4136-8ED4-C0A446C495F7}.AppStore|iPhone.Build.0 = Release|Any CPU
		{D03BA242-C6E6-4136-8ED4-C0A446C495F7}.AppStore|iPhoneSimulator.ActiveCfg = Release|Any CPU
		{D03BA242-C6E6-4136-8ED4-C0A446C495F7}.AppStore|iPhoneSimulator.Build.0 = Release|Any CPU
		{D03BA242-C6E6-4136-8ED4-C0A446C495F7}.AppStore|x86.ActiveCfg = Release|Any CPU
		{D03BA242-C6E6-4136-8ED4-C0A446C495F7}.AppStore|x86.Build.0 = Release|Any CPU
		{D03BA242-C6E6-4136-8ED4-C0A446C495F7}.Debug|Any CPU.ActiveCfg = Debug|Any CPU
		{D03BA242-C6E6-4136-8ED4-C0A446C495F7}.Debug|Any CPU.Build.0 = Debug|Any CPU
		{D03BA242-C6E6-4136-8ED4-C0A446C495F7}.Debug|ARM.ActiveCfg = Debug|Any CPU
		{D03BA242-C6E6-4136-8ED4-C0A446C495F7}.Debug|ARM.Build.0 = Debug|Any CPU
		{D03BA242-C6E6-4136-8ED4-C0A446C495F7}.Debug|iPhone.ActiveCfg = Debug|Any CPU
		{D03BA242-C6E6-4136-8ED4-C0A446C495F7}.Debug|iPhone.Build.0 = Debug|Any CPU
		{D03BA242-C6E6-4136-8ED4-C0A446C495F7}.Debug|iPhoneSimulator.ActiveCfg = Debug|Any CPU
		{D03BA242-C6E6-4136-8ED4-C0A446C495F7}.Debug|iPhoneSimulator.Build.0 = Debug|Any CPU
		{D03BA242-C6E6-4136-8ED4-C0A446C495F7}.Debug|x86.ActiveCfg = Debug|Any CPU
		{D03BA242-C6E6-4136-8ED4-C0A446C495F7}.Debug|x86.Build.0 = Debug|Any CPU
		{D03BA242-C6E6-4136-8ED4-C0A446C495F7}.Release|Any CPU.ActiveCfg = Release|Any CPU
		{D03BA242-C6E6-4136-8ED4-C0A446C495F7}.Release|Any CPU.Build.0 = Release|Any CPU
		{D03BA242-C6E6-4136-8ED4-C0A446C495F7}.Release|ARM.ActiveCfg = Release|Any CPU
		{D03BA242-C6E6-4136-8ED4-C0A446C495F7}.Release|ARM.Build.0 = Release|Any CPU
		{D03BA242-C6E6-4136-8ED4-C0A446C495F7}.Release|iPhone.ActiveCfg = Release|Any CPU
		{D03BA242-C6E6-4136-8ED4-C0A446C495F7}.Release|iPhone.Build.0 = Release|Any CPU
		{D03BA242-C6E6-4136-8ED4-C0A446C495F7}.Release|iPhoneSimulator.ActiveCfg = Release|Any CPU
		{D03BA242-C6E6-4136-8ED4-C0A446C495F7}.Release|iPhoneSimulator.Build.0 = Release|Any CPU
		{D03BA242-C6E6-4136-8ED4-C0A446C495F7}.Release|x86.ActiveCfg = Release|Any CPU
		{D03BA242-C6E6-4136-8ED4-C0A446C495F7}.Release|x86.Build.0 = Release|Any CPU
		{7234E3DA-4DDC-4AD0-B236-9B54D19A82D7}.Ad-Hoc|Any CPU.ActiveCfg = Release|Any CPU
		{7234E3DA-4DDC-4AD0-B236-9B54D19A82D7}.Ad-Hoc|Any CPU.Build.0 = Release|Any CPU
		{7234E3DA-4DDC-4AD0-B236-9B54D19A82D7}.Ad-Hoc|ARM.ActiveCfg = Release|Any CPU
		{7234E3DA-4DDC-4AD0-B236-9B54D19A82D7}.Ad-Hoc|ARM.Build.0 = Release|Any CPU
		{7234E3DA-4DDC-4AD0-B236-9B54D19A82D7}.Ad-Hoc|iPhone.ActiveCfg = Release|Any CPU
		{7234E3DA-4DDC-4AD0-B236-9B54D19A82D7}.Ad-Hoc|iPhone.Build.0 = Release|Any CPU
		{7234E3DA-4DDC-4AD0-B236-9B54D19A82D7}.Ad-Hoc|iPhoneSimulator.ActiveCfg = Release|Any CPU
		{7234E3DA-4DDC-4AD0-B236-9B54D19A82D7}.Ad-Hoc|iPhoneSimulator.Build.0 = Release|Any CPU
		{7234E3DA-4DDC-4AD0-B236-9B54D19A82D7}.Ad-Hoc|x86.ActiveCfg = Release|Any CPU
		{7234E3DA-4DDC-4AD0-B236-9B54D19A82D7}.Ad-Hoc|x86.Build.0 = Release|Any CPU
		{7234E3DA-4DDC-4AD0-B236-9B54D19A82D7}.AppStore|Any CPU.ActiveCfg = Release|Any CPU
		{7234E3DA-4DDC-4AD0-B236-9B54D19A82D7}.AppStore|Any CPU.Build.0 = Release|Any CPU
		{7234E3DA-4DDC-4AD0-B236-9B54D19A82D7}.AppStore|ARM.ActiveCfg = Release|Any CPU
		{7234E3DA-4DDC-4AD0-B236-9B54D19A82D7}.AppStore|ARM.Build.0 = Release|Any CPU
		{7234E3DA-4DDC-4AD0-B236-9B54D19A82D7}.AppStore|iPhone.ActiveCfg = Release|Any CPU
		{7234E3DA-4DDC-4AD0-B236-9B54D19A82D7}.AppStore|iPhone.Build.0 = Release|Any CPU
		{7234E3DA-4DDC-4AD0-B236-9B54D19A82D7}.AppStore|iPhoneSimulator.ActiveCfg = Release|Any CPU
		{7234E3DA-4DDC-4AD0-B236-9B54D19A82D7}.AppStore|iPhoneSimulator.Build.0 = Release|Any CPU
		{7234E3DA-4DDC-4AD0-B236-9B54D19A82D7}.AppStore|x86.ActiveCfg = Release|Any CPU
		{7234E3DA-4DDC-4AD0-B236-9B54D19A82D7}.AppStore|x86.Build.0 = Release|Any CPU
		{7234E3DA-4DDC-4AD0-B236-9B54D19A82D7}.Debug|Any CPU.ActiveCfg = Debug|Any CPU
		{7234E3DA-4DDC-4AD0-B236-9B54D19A82D7}.Debug|Any CPU.Build.0 = Debug|Any CPU
		{7234E3DA-4DDC-4AD0-B236-9B54D19A82D7}.Debug|ARM.ActiveCfg = Debug|Any CPU
		{7234E3DA-4DDC-4AD0-B236-9B54D19A82D7}.Debug|ARM.Build.0 = Debug|Any CPU
		{7234E3DA-4DDC-4AD0-B236-9B54D19A82D7}.Debug|iPhone.ActiveCfg = Debug|Any CPU
		{7234E3DA-4DDC-4AD0-B236-9B54D19A82D7}.Debug|iPhone.Build.0 = Debug|Any CPU
		{7234E3DA-4DDC-4AD0-B236-9B54D19A82D7}.Debug|iPhoneSimulator.ActiveCfg = Debug|Any CPU
		{7234E3DA-4DDC-4AD0-B236-9B54D19A82D7}.Debug|iPhoneSimulator.Build.0 = Debug|Any CPU
		{7234E3DA-4DDC-4AD0-B236-9B54D19A82D7}.Debug|x86.ActiveCfg = Debug|Any CPU
		{7234E3DA-4DDC-4AD0-B236-9B54D19A82D7}.Debug|x86.Build.0 = Debug|Any CPU
		{7234E3DA-4DDC-4AD0-B236-9B54D19A82D7}.Release|Any CPU.ActiveCfg = Release|Any CPU
		{7234E3DA-4DDC-4AD0-B236-9B54D19A82D7}.Release|Any CPU.Build.0 = Release|Any CPU
		{7234E3DA-4DDC-4AD0-B236-9B54D19A82D7}.Release|ARM.ActiveCfg = Release|Any CPU
		{7234E3DA-4DDC-4AD0-B236-9B54D19A82D7}.Release|ARM.Build.0 = Release|Any CPU
		{7234E3DA-4DDC-4AD0-B236-9B54D19A82D7}.Release|iPhone.ActiveCfg = Release|Any CPU
		{7234E3DA-4DDC-4AD0-B236-9B54D19A82D7}.Release|iPhone.Build.0 = Release|Any CPU
		{7234E3DA-4DDC-4AD0-B236-9B54D19A82D7}.Release|iPhoneSimulator.ActiveCfg = Release|Any CPU
		{7234E3DA-4DDC-4AD0-B236-9B54D19A82D7}.Release|iPhoneSimulator.Build.0 = Release|Any CPU
		{7234E3DA-4DDC-4AD0-B236-9B54D19A82D7}.Release|x86.ActiveCfg = Release|Any CPU
		{7234E3DA-4DDC-4AD0-B236-9B54D19A82D7}.Release|x86.Build.0 = Release|Any CPU
		{59254B85-A652-4706-B21A-EAD8E6CA9E76}.Ad-Hoc|Any CPU.ActiveCfg = AppStore|Any CPU
		{59254B85-A652-4706-B21A-EAD8E6CA9E76}.Ad-Hoc|Any CPU.Build.0 = AppStore|Any CPU
		{59254B85-A652-4706-B21A-EAD8E6CA9E76}.Ad-Hoc|ARM.ActiveCfg = AppStore|Any CPU
		{59254B85-A652-4706-B21A-EAD8E6CA9E76}.Ad-Hoc|ARM.Build.0 = AppStore|Any CPU
		{59254B85-A652-4706-B21A-EAD8E6CA9E76}.Ad-Hoc|iPhone.ActiveCfg = AppStore|Any CPU
		{59254B85-A652-4706-B21A-EAD8E6CA9E76}.Ad-Hoc|iPhone.Build.0 = AppStore|Any CPU
		{59254B85-A652-4706-B21A-EAD8E6CA9E76}.Ad-Hoc|iPhoneSimulator.ActiveCfg = AppStore|Any CPU
		{59254B85-A652-4706-B21A-EAD8E6CA9E76}.Ad-Hoc|iPhoneSimulator.Build.0 = AppStore|Any CPU
		{59254B85-A652-4706-B21A-EAD8E6CA9E76}.Ad-Hoc|x86.ActiveCfg = AppStore|Any CPU
		{59254B85-A652-4706-B21A-EAD8E6CA9E76}.Ad-Hoc|x86.Build.0 = AppStore|Any CPU
		{59254B85-A652-4706-B21A-EAD8E6CA9E76}.AppStore|Any CPU.ActiveCfg = AppStore|Any CPU
		{59254B85-A652-4706-B21A-EAD8E6CA9E76}.AppStore|Any CPU.Build.0 = AppStore|Any CPU
		{59254B85-A652-4706-B21A-EAD8E6CA9E76}.AppStore|ARM.ActiveCfg = AppStore|Any CPU
		{59254B85-A652-4706-B21A-EAD8E6CA9E76}.AppStore|ARM.Build.0 = AppStore|Any CPU
		{59254B85-A652-4706-B21A-EAD8E6CA9E76}.AppStore|iPhone.ActiveCfg = AppStore|Any CPU
		{59254B85-A652-4706-B21A-EAD8E6CA9E76}.AppStore|iPhone.Build.0 = AppStore|Any CPU
		{59254B85-A652-4706-B21A-EAD8E6CA9E76}.AppStore|iPhoneSimulator.ActiveCfg = AppStore|Any CPU
		{59254B85-A652-4706-B21A-EAD8E6CA9E76}.AppStore|iPhoneSimulator.Build.0 = AppStore|Any CPU
		{59254B85-A652-4706-B21A-EAD8E6CA9E76}.AppStore|x86.ActiveCfg = AppStore|Any CPU
		{59254B85-A652-4706-B21A-EAD8E6CA9E76}.AppStore|x86.Build.0 = AppStore|Any CPU
		{59254B85-A652-4706-B21A-EAD8E6CA9E76}.Debug|Any CPU.ActiveCfg = Debug|Any CPU
		{59254B85-A652-4706-B21A-EAD8E6CA9E76}.Debug|Any CPU.Build.0 = Debug|Any CPU
		{59254B85-A652-4706-B21A-EAD8E6CA9E76}.Debug|ARM.ActiveCfg = Debug|Any CPU
		{59254B85-A652-4706-B21A-EAD8E6CA9E76}.Debug|ARM.Build.0 = Debug|Any CPU
		{59254B85-A652-4706-B21A-EAD8E6CA9E76}.Debug|iPhone.ActiveCfg = Debug|Any CPU
		{59254B85-A652-4706-B21A-EAD8E6CA9E76}.Debug|iPhone.Build.0 = Debug|Any CPU
		{59254B85-A652-4706-B21A-EAD8E6CA9E76}.Debug|iPhoneSimulator.ActiveCfg = Debug|Any CPU
		{59254B85-A652-4706-B21A-EAD8E6CA9E76}.Debug|iPhoneSimulator.Build.0 = Debug|Any CPU
		{59254B85-A652-4706-B21A-EAD8E6CA9E76}.Debug|x86.ActiveCfg = Debug|Any CPU
		{59254B85-A652-4706-B21A-EAD8E6CA9E76}.Debug|x86.Build.0 = Debug|Any CPU
		{59254B85-A652-4706-B21A-EAD8E6CA9E76}.Release|Any CPU.ActiveCfg = Release|Any CPU
		{59254B85-A652-4706-B21A-EAD8E6CA9E76}.Release|Any CPU.Build.0 = Release|Any CPU
		{59254B85-A652-4706-B21A-EAD8E6CA9E76}.Release|ARM.ActiveCfg = Release|Any CPU
		{59254B85-A652-4706-B21A-EAD8E6CA9E76}.Release|ARM.Build.0 = Release|Any CPU
		{59254B85-A652-4706-B21A-EAD8E6CA9E76}.Release|iPhone.ActiveCfg = Release|Any CPU
		{59254B85-A652-4706-B21A-EAD8E6CA9E76}.Release|iPhone.Build.0 = Release|Any CPU
		{59254B85-A652-4706-B21A-EAD8E6CA9E76}.Release|iPhoneSimulator.ActiveCfg = Release|Any CPU
		{59254B85-A652-4706-B21A-EAD8E6CA9E76}.Release|iPhoneSimulator.Build.0 = Release|Any CPU
		{59254B85-A652-4706-B21A-EAD8E6CA9E76}.Release|x86.ActiveCfg = Release|Any CPU
		{59254B85-A652-4706-B21A-EAD8E6CA9E76}.Release|x86.Build.0 = Release|Any CPU
	EndGlobalSection
	GlobalSection(SolutionProperties) = preSolution
		HideSolutionNode = FALSE
	EndGlobalSection
EndGlobal
